// !$*UTF8*$!
{
	archiveVersion = 1;
	classes = {
	};
	objectVersion = 50;
	objects = {

/* Begin PBXBuildFile section */
		481438C121CD87130077B977 /* AppDelegate.swift in Sources */ = {isa = PBXBuildFile; fileRef = 481438C021CD87130077B977 /* AppDelegate.swift */; };
		481438C821CD87150077B977 /* Assets.xcassets in Resources */ = {isa = PBXBuildFile; fileRef = 481438C721CD87150077B977 /* Assets.xcassets */; };
		481438CB21CD87150077B977 /* LaunchScreen.storyboard in Resources */ = {isa = PBXBuildFile; fileRef = 481438C921CD87150077B977 /* LaunchScreen.storyboard */; };
		481438D421CD87BE0077B977 /* MainViewController.swift in Sources */ = {isa = PBXBuildFile; fileRef = 481438D221CD87BE0077B977 /* MainViewController.swift */; };
		481438D521CD87BE0077B977 /* MainViewController.xib in Resources */ = {isa = PBXBuildFile; fileRef = 481438D321CD87BE0077B977 /* MainViewController.xib */; };
		481438D821CD87E40077B977 /* BottomSheetViewController.swift in Sources */ = {isa = PBXBuildFile; fileRef = 481438D621CD87E40077B977 /* BottomSheetViewController.swift */; };
		481438D921CD87E40077B977 /* BottomSheetViewController.xib in Resources */ = {isa = PBXBuildFile; fileRef = 481438D721CD87E40077B977 /* BottomSheetViewController.xib */; };
		48B496F821D593A100287D9D /* DragIndicatorView.swift in Sources */ = {isa = PBXBuildFile; fileRef = 48B496F721D593A100287D9D /* DragIndicatorView.swift */; };
/* End PBXBuildFile section */

/* Begin PBXFileReference section */
		481438BD21CD87130077B977 /* BottomDragPresentation.app */ = {isa = PBXFileReference; explicitFileType = wrapper.application; includeInIndex = 0; path = BottomDragPresentation.app; sourceTree = BUILT_PRODUCTS_DIR; };
		481438C021CD87130077B977 /* AppDelegate.swift */ = {isa = PBXFileReference; lastKnownFileType = sourcecode.swift; path = AppDelegate.swift; sourceTree = "<group>"; };
		481438C721CD87150077B977 /* Assets.xcassets */ = {isa = PBXFileReference; lastKnownFileType = folder.assetcatalog; path = Assets.xcassets; sourceTree = "<group>"; };
		481438CA21CD87150077B977 /* Base */ = {isa = PBXFileReference; lastKnownFileType = file.storyboard; name = Base; path = Base.lproj/LaunchScreen.storyboard; sourceTree = "<group>"; };
		481438CC21CD87150077B977 /* Info.plist */ = {isa = PBXFileReference; lastKnownFileType = text.plist.xml; path = Info.plist; sourceTree = "<group>"; };
		481438D221CD87BE0077B977 /* MainViewController.swift */ = {isa = PBXFileReference; lastKnownFileType = sourcecode.swift; path = MainViewController.swift; sourceTree = "<group>"; };
		481438D321CD87BE0077B977 /* MainViewController.xib */ = {isa = PBXFileReference; lastKnownFileType = file.xib; path = MainViewController.xib; sourceTree = "<group>"; };
		481438D621CD87E40077B977 /* BottomSheetViewController.swift */ = {isa = PBXFileReference; lastKnownFileType = sourcecode.swift; path = BottomSheetViewController.swift; sourceTree = "<group>"; };
		481438D721CD87E40077B977 /* BottomSheetViewController.xib */ = {isa = PBXFileReference; lastKnownFileType = file.xib; path = BottomSheetViewController.xib; sourceTree = "<group>"; };
		48B496F721D593A100287D9D /* DragIndicatorView.swift */ = {isa = PBXFileReference; lastKnownFileType = sourcecode.swift; path = DragIndicatorView.swift; sourceTree = "<group>"; };
/* End PBXFileReference section */

/* Begin PBXFrameworksBuildPhase section */
		481438BA21CD87130077B977 /* Frameworks */ = {
			isa = PBXFrameworksBuildPhase;
			buildActionMask = 2147483647;
			files = (
			);
			runOnlyForDeploymentPostprocessing = 0;
		};
/* End PBXFrameworksBuildPhase section */

/* Begin PBXGroup section */
		481438B421CD87130077B977 = {
			isa = PBXGroup;
			children = (
				481438BF21CD87130077B977 /* BottomDragPresentation */,
				481438BE21CD87130077B977 /* Products */,
			);
			sourceTree = "<group>";
		};
		481438BE21CD87130077B977 /* Products */ = {
			isa = PBXGroup;
			children = (
				481438BD21CD87130077B977 /* BottomDragPresentation.app */,
			);
			name = Products;
			sourceTree = "<group>";
		};
		481438BF21CD87130077B977 /* BottomDragPresentation */ = {
			isa = PBXGroup;
			children = (
				48B496FA21D5B84300287D9D /* Views */,
				48B496F921D5B83900287D9D /* ViewController */,
				481438C021CD87130077B977 /* AppDelegate.swift */,
				481438C921CD87150077B977 /* LaunchScreen.storyboard */,
				481438C721CD87150077B977 /* Assets.xcassets */,
				481438CC21CD87150077B977 /* Info.plist */,
			);
			path = BottomDragPresentation;
			sourceTree = "<group>";
		};
		48B496F921D5B83900287D9D /* ViewController */ = {
			isa = PBXGroup;
			children = (
				481438D221CD87BE0077B977 /* MainViewController.swift */,
				481438D321CD87BE0077B977 /* MainViewController.xib */,
				481438D621CD87E40077B977 /* BottomSheetViewController.swift */,
				481438D721CD87E40077B977 /* BottomSheetViewController.xib */,
			);
			path = ViewController;
			sourceTree = "<group>";
		};
		48B496FA21D5B84300287D9D /* Views */ = {
			isa = PBXGroup;
			children = (
				48B496F721D593A100287D9D /* DragIndicatorView.swift */,
			);
			path = Views;
			sourceTree = "<group>";
		};
/* End PBXGroup section */

/* Begin PBXNativeTarget section */
		481438BC21CD87130077B977 /* BottomDragPresentation */ = {
			isa = PBXNativeTarget;
			buildConfigurationList = 481438CF21CD87150077B977 /* Build configuration list for PBXNativeTarget "BottomDragPresentation" */;
			buildPhases = (
				481438B921CD87130077B977 /* Sources */,
				481438BA21CD87130077B977 /* Frameworks */,
				481438BB21CD87130077B977 /* Resources */,
			);
			buildRules = (
			);
			dependencies = (
			);
			name = BottomDragPresentation;
			productName = BottomDragPresentation;
			productReference = 481438BD21CD87130077B977 /* BottomDragPresentation.app */;
			productType = "com.apple.product-type.application";
		};
/* End PBXNativeTarget section */

/* Begin PBXProject section */
		481438B521CD87130077B977 /* Project object */ = {
			isa = PBXProject;
			attributes = {
				LastSwiftUpdateCheck = 1010;
				LastUpgradeCheck = 1010;
				ORGANIZATIONNAME = "Eduard Moya";
				TargetAttributes = {
					481438BC21CD87130077B977 = {
						CreatedOnToolsVersion = 10.1;
					};
				};
			};
			buildConfigurationList = 481438B821CD87130077B977 /* Build configuration list for PBXProject "BottomDragPresentation" */;
			compatibilityVersion = "Xcode 9.3";
			developmentRegion = en;
			hasScannedForEncodings = 0;
			knownRegions = (
				en,
				Base,
			);
			mainGroup = 481438B421CD87130077B977;
			productRefGroup = 481438BE21CD87130077B977 /* Products */;
			projectDirPath = "";
			projectRoot = "";
			targets = (
				481438BC21CD87130077B977 /* BottomDragPresentation */,
			);
		};
/* End PBXProject section */

/* Begin PBXResourcesBuildPhase section */
		481438BB21CD87130077B977 /* Resources */ = {
			isa = PBXResourcesBuildPhase;
			buildActionMask = 2147483647;
			files = (
				481438CB21CD87150077B977 /* LaunchScreen.storyboard in Resources */,
				481438C821CD87150077B977 /* Assets.xcassets in Resources */,
				481438D921CD87E40077B977 /* BottomSheetViewController.xib in Resources */,
				481438D521CD87BE0077B977 /* MainViewController.xib in Resources */,
			);
			runOnlyForDeploymentPostprocessing = 0;
		};
/* End PBXResourcesBuildPhase section */

/* Begin PBXSourcesBuildPhase section */
		481438B921CD87130077B977 /* Sources */ = {
			isa = PBXSourcesBuildPhase;
			buildActionMask = 2147483647;
			files = (
				48B496F821D593A100287D9D /* DragIndicatorView.swift in Sources */,
				481438D421CD87BE0077B977 /* MainViewController.swift in Sources */,
				481438C121CD87130077B977 /* AppDelegate.swift in Sources */,
				481438D821CD87E40077B977 /* BottomSheetViewController.swift in Sources */,
			);
			runOnlyForDeploymentPostprocessing = 0;
		};
/* End PBXSourcesBuildPhase section */

/* Begin PBXVariantGroup section */
		481438C921CD87150077B977 /* LaunchScreen.storyboard */ = {
			isa = PBXVariantGroup;
			children = (
				481438CA21CD87150077B977 /* Base */,
			);
			name = LaunchScreen.storyboard;
			sourceTree = "<group>";
		};
/* End PBXVariantGroup section */

/* Begin XCBuildConfiguration section */
		481438CD21CD87150077B977 /* Debug */ = {
			isa = XCBuildConfiguration;
			buildSettings = {
				ALWAYS_SEARCH_USER_PATHS = NO;
				CLANG_ANALYZER_NONNULL = YES;
				CLANG_ANALYZER_NUMBER_OBJECT_CONVERSION = YES_AGGRESSIVE;
				CLANG_CXX_LANGUAGE_STANDARD = "gnu++14";
				CLANG_CXX_LIBRARY = "libc++";
				CLANG_ENABLE_MODULES = YES;
				CLANG_ENABLE_OBJC_ARC = YES;
				CLANG_ENABLE_OBJC_WEAK = YES;
				CLANG_WARN_BLOCK_CAPTURE_AUTORELEASING = YES;
				CLANG_WARN_BOOL_CONVERSION = YES;
				CLANG_WARN_COMMA = YES;
				CLANG_WARN_CONSTANT_CONVERSION = YES;
				CLANG_WARN_DEPRECATED_OBJC_IMPLEMENTATIONS = YES;
				CLANG_WARN_DIRECT_OBJC_ISA_USAGE = YES_ERROR;
				CLANG_WARN_DOCUMENTATION_COMMENTS = YES;
				CLANG_WARN_EMPTY_BODY = YES;
				CLANG_WARN_ENUM_CONVERSION = YES;
				CLANG_WARN_INFINITE_RECURSION = YES;
				CLANG_WARN_INT_CONVERSION = YES;
				CLANG_WARN_NON_LITERAL_NULL_CONVERSION = YES;
				CLANG_WARN_OBJC_IMPLICIT_RETAIN_SELF = YES;
				CLANG_WARN_OBJC_LITERAL_CONVERSION = YES;
				CLANG_WARN_OBJC_ROOT_CLASS = YES_ERROR;
				CLANG_WARN_RANGE_LOOP_ANALYSIS = YES;
				CLANG_WARN_STRICT_PROTOTYPES = YES;
				CLANG_WARN_SUSPICIOUS_MOVE = YES;
				CLANG_WARN_UNGUARDED_AVAILABILITY = YES_AGGRESSIVE;
				CLANG_WARN_UNREACHABLE_CODE = YES;
				CLANG_WARN__DUPLICATE_METHOD_MATCH = YES;
				CODE_SIGN_IDENTITY = "iPhone Developer";
				COPY_PHASE_STRIP = NO;
				DEBUG_INFORMATION_FORMAT = dwarf;
				ENABLE_STRICT_OBJC_MSGSEND = YES;
				ENABLE_TESTABILITY = YES;
				GCC_C_LANGUAGE_STANDARD = gnu11;
				GCC_DYNAMIC_NO_PIC = NO;
				GCC_NO_COMMON_BLOCKS = YES;
				GCC_OPTIMIZATION_LEVEL = 0;
				GCC_PREPROCESSOR_DEFINITIONS = (
					"DEBUG=1",
					"$(inherited)",
				);
				GCC_WARN_64_TO_32_BIT_CONVERSION = YES;
				GCC_WARN_ABOUT_RETURN_TYPE = YES_ERROR;
				GCC_WARN_UNDECLARED_SELECTOR = YES;
				GCC_WARN_UNINITIALIZED_AUTOS = YES_AGGRESSIVE;
				GCC_WARN_UNUSED_FUNCTION = YES;
				GCC_WARN_UNUSED_VARIABLE = YES;
				IPHONEOS_DEPLOYMENT_TARGET = 12.1;
				MTL_ENABLE_DEBUG_INFO = INCLUDE_SOURCE;
				MTL_FAST_MATH = YES;
				ONLY_ACTIVE_ARCH = YES;
				SDKROOT = iphoneos;
				SWIFT_ACTIVE_COMPILATION_CONDITIONS = DEBUG;
				SWIFT_OPTIMIZATION_LEVEL = "-Onone";
			};
			name = Debug;
		};
		481438CE21CD87150077B977 /* Release */ = {
			isa = XCBuildConfiguration;
			buildSettings = {
				ALWAYS_SEARCH_USER_PATHS = NO;
				CLANG_ANALYZER_NONNULL = YES;
				CLANG_ANALYZER_NUMBER_OBJECT_CONVERSION = YES_AGGRESSIVE;
				CLANG_CXX_LANGUAGE_STANDARD = "gnu++14";
				CLANG_CXX_LIBRARY = "libc++";
				CLANG_ENABLE_MODULES = YES;
				CLANG_ENABLE_OBJC_ARC = YES;
				CLANG_ENABLE_OBJC_WEAK = YES;
				CLANG_WARN_BLOCK_CAPTURE_AUTORELEASING = YES;
				CLANG_WARN_BOOL_CONVERSION = YES;
				CLANG_WARN_COMMA = YES;
				CLANG_WARN_CONSTANT_CONVERSION = YES;
				CLANG_WARN_DEPRECATED_OBJC_IMPLEMENTATIONS = YES;
				CLANG_WARN_DIRECT_OBJC_ISA_USAGE = YES_ERROR;
				CLANG_WARN_DOCUMENTATION_COMMENTS = YES;
				CLANG_WARN_EMPTY_BODY = YES;
				CLANG_WARN_ENUM_CONVERSION = YES;
				CLANG_WARN_INFINITE_RECURSION = YES;
				CLANG_WARN_INT_CONVERSION = YES;
				CLANG_WARN_NON_LITERAL_NULL_CONVERSION = YES;
				CLANG_WARN_OBJC_IMPLICIT_RETAIN_SELF = YES;
				CLANG_WARN_OBJC_LITERAL_CONVERSION = YES;
				CLANG_WARN_OBJC_ROOT_CLASS = YES_ERROR;
				CLANG_WARN_RANGE_LOOP_ANALYSIS = YES;
				CLANG_WARN_STRICT_PROTOTYPES = YES;
				CLANG_WARN_SUSPICIOUS_MOVE = YES;
				CLANG_WARN_UNGUARDED_AVAILABILITY = YES_AGGRESSIVE;
				CLANG_WARN_UNREACHABLE_CODE = YES;
				CLANG_WARN__DUPLICATE_METHOD_MATCH = YES;
				CODE_SIGN_IDENTITY = "iPhone Developer";
				COPY_PHASE_STRIP = NO;
				DEBUG_INFORMATION_FORMAT = "dwarf-with-dsym";
				ENABLE_NS_ASSERTIONS = NO;
				ENABLE_STRICT_OBJC_MSGSEND = YES;
				GCC_C_LANGUAGE_STANDARD = gnu11;
				GCC_NO_COMMON_BLOCKS = YES;
				GCC_WARN_64_TO_32_BIT_CONVERSION = YES;
				GCC_WARN_ABOUT_RETURN_TYPE = YES_ERROR;
				GCC_WARN_UNDECLARED_SELECTOR = YES;
				GCC_WARN_UNINITIALIZED_AUTOS = YES_AGGRESSIVE;
				GCC_WARN_UNUSED_FUNCTION = YES;
				GCC_WARN_UNUSED_VARIABLE = YES;
				IPHONEOS_DEPLOYMENT_TARGET = 12.1;
				MTL_ENABLE_DEBUG_INFO = NO;
				MTL_FAST_MATH = YES;
				SDKROOT = iphoneos;
				SWIFT_COMPILATION_MODE = wholemodule;
				SWIFT_OPTIMIZATION_LEVEL = "-O";
				VALIDATE_PRODUCT = YES;
			};
			name = Release;
		};
		481438D021CD87150077B977 /* Debug */ = {
			isa = XCBuildConfiguration;
			buildSettings = {
				ASSETCATALOG_COMPILER_APPICON_NAME = AppIcon;
				CODE_SIGN_STYLE = Automatic;
				DEVELOPMENT_TEAM = PEDVQ936L6;
				INFOPLIST_FILE = BottomDragPresentation/Info.plist;
				LD_RUNPATH_SEARCH_PATHS = (
					"$(inherited)",
					"@executable_path/Frameworks",
				);
				PRODUCT_BUNDLE_IDENTIFIER = com.edc0der.BottomDragPresentation;
				PRODUCT_NAME = "$(TARGET_NAME)";
				SWIFT_VERSION = 4.2;
				TARGETED_DEVICE_FAMILY = "1,2";
			};
			name = Debug;
		};
		481438D121CD87150077B977 /* Release */ = {
			isa = XCBuildConfiguration;
			buildSettings = {
				ASSETCATALOG_COMPILER_APPICON_NAME = AppIcon;
				CODE_SIGN_STYLE = Automatic;
				DEVELOPMENT_TEAM = PEDVQ936L6;
				INFOPLIST_FILE = BottomDragPresentation/Info.plist;
				LD_RUNPATH_SEARCH_PATHS = (
					"$(inherited)",
					"@executable_path/Frameworks",
				);
				PRODUCT_BUNDLE_IDENTIFIER = com.edc0der.BottomDragPresentation;
				PRODUCT_NAME = "$(TARGET_NAME)";
				SWIFT_VERSION = 4.2;
				TARGETED_DEVICE_FAMILY = "1,2";
			};
			name = Release;
		};
/* End XCBuildConfiguration section */

/* Begin XCConfigurationList section */
		481438B821CD87130077B977 /* Build configuration list for PBXProject "BottomDragPresentation" */ = {
			isa = XCConfigurationList;
			buildConfigurations = (
				481438CD21CD87150077B977 /* Debug */,
				481438CE21CD87150077B977 /* Release */,
			);
			defaultConfigurationIsVisible = 0;
			defaultConfigurationName = Release;
		};
		481438CF21CD87150077B977 /* Build configuration list for PBXNativeTarget "BottomDragPresentation" */ = {
			isa = XCConfigurationList;
			buildConfigurations = (
				481438D021CD87150077B977 /* Debug */,
				481438D121CD87150077B977 /* Release */,
			);
			defaultConfigurationIsVisible = 0;
			defaultConfigurationName = Release;
		};
/* End XCConfigurationList section */
	};
	rootObject = 481438B521CD87130077B977 /* Project object */;
}
